PODS:
  - Alamofire (3.2.1)
  - Bolts (1.6.0):
    - Bolts/AppLinks (= 1.6.0)
    - Bolts/Tasks (= 1.6.0)
  - Bolts/AppLinks (1.6.0):
    - Bolts/Tasks
  - Bolts/Tasks (1.6.0)
  - Crashlytics (3.7.0):
    - Fabric (~> 1.6.3)
  - Fabric (1.6.7)
  - FBSDKCoreKit (4.10.1):
    - Bolts (~> 1.5)
  - FBSDKLoginKit (4.10.1):
    - FBSDKCoreKit
  - FBSDKShareKit (4.10.1):
    - FBSDKCoreKit
  - FontAwesomeKit (2.2.0):
    - FontAwesomeKit/Core (= 2.2.0)
    - FontAwesomeKit/FontAwesome (= 2.2.0)
    - FontAwesomeKit/FoundationIcons (= 2.2.0)
    - FontAwesomeKit/IonIcons (= 2.2.0)
    - FontAwesomeKit/Zocial (= 2.2.0)
  - FontAwesomeKit/Core (2.2.0)
  - FontAwesomeKit/FontAwesome (2.2.0):
    - FontAwesomeKit/Core
  - FontAwesomeKit/FoundationIcons (2.2.0):
    - FontAwesomeKit/Core
  - FontAwesomeKit/IonIcons (2.2.0):
    - FontAwesomeKit/Core
  - FontAwesomeKit/Zocial (2.2.0):
    - FontAwesomeKit/Core
  - Moya (6.2.0):
    - Moya/Core (= 6.2.0)
  - Moya-ObjectMapper/Core (1.1.7):
    - Moya (~> 6.2.0)
    - ObjectMapper (~> 1.1.5)
  - Moya-ObjectMapper/RxSwift (1.1.7):
    - Moya-ObjectMapper/Core
    - Moya/RxSwift (~> 6.2.0)
    - RxSwift (~> 2.2.0)
  - Moya/Core (6.2.0):
    - Alamofire (~> 3.0)
    - Result (~> 1.0)
  - Moya/RxSwift (6.2.0):
    - Moya/Core
    - RxSwift (~> 2.0)
  - ObjectMapper (1.1.5)
  - Result (1.0.2)
  - RxCocoa (2.2.0):
    - RxSwift (~> 2.2)
  - RxSwift (2.2.0)
  - TwitterCore (1.15.3):
    - Fabric
  - TwitterKit (1.15.3):
    - TwitterCore (= 1.15.3)

DEPENDENCIES:
  - Crashlytics
  - Fabric
  - FBSDKCoreKit
  - FBSDKLoginKit
  - FBSDKShareKit
  - FontAwesomeKit
  - Moya-ObjectMapper/RxSwift (~> 1.1.6)
  - RxCocoa (~> 2.0)
  - RxSwift (~> 2.0)
  - TwitterCore
  - TwitterKit

SPEC CHECKSUMS:
  Alamofire: f11d8624a05f5d39e0c99309b3e600a3ba64298a
  Bolts: f52a250053bb517ca874523c3913776359ab3def
  Crashlytics: c3a2333dea9e2733d2777f730910321fc9e25c0d
  Fabric: caf7580c725e64db144f610ac65cd60956911dc7
  FBSDKCoreKit: d2aaed5e9ab7d8d6301c533376a1fbff1cf3deb5
  FBSDKLoginKit: 699ff169080e3072de4b9b0faca90bf23dc36deb
  FBSDKShareKit: 2fd887cce0056bdda91f99b2021d724a4fed8e88
  FontAwesomeKit: 025fd4dd1017fe4e3f8d47b03e024deedbb33cd4
  Moya: a5e57a405584177027daab240f4d47baa0722562
  Moya-ObjectMapper: 909483dd57b551082700d6a19dca0e9b96386496
  ObjectMapper: 528b1a6677a6acac7747edd508576983e76a9148
  Result: dd3dd71af3fa2e262f1a999e14fba2c25ec14f16
  RxCocoa: 42efb7a7145a8d1d5878e94ce48a580d29e0c796
  RxSwift: b8a749f2204c6c7a5c29b306a9c3bc11d5b87c5b
  TwitterCore: cce24b3c798993ccde72787ea79ea9a478b284e4
  TwitterKit: 43600f2d2848c227739efea5b2939585e69339c3

PODFILE CHECKSUM: d110770e52f1516f2a951ea1d604c01a9557e01c

COCOAPODS: 1.0.0.beta.5
